
Microsoft Visual Studio Solution File, Format Version 12.00
# Visual Studio 14
VisualStudioVersion = 14.0.25420.1
MinimumVisualStudioVersion = 10.0.40219.1
Project("{FAE04EC0-301F-11D3-BF4B-00C04F79EFBC}") = "Shadowing", "Shadowing\Shadowing.csproj", "{211E4433-1245-4289-AF6D-9B8CA03ED560}"
EndProject
Project("{FAE04EC0-301F-11D3-BF4B-00C04F79EFBC}") = "YieldKeyword", "YieldKeyword\YieldKeyword.csproj", "{5238B353-A1B9-48A9-9182-00BCDC91B4A2}"
EndProject
Project("{FAE04EC0-301F-11D3-BF4B-00C04F79EFBC}") = "AsyncVSThread", "AsyncVSThread\AsyncVSThread.csproj", "{001554FC-3028-4843-A73B-C56C4107EC8B}"
EndProject
Project("{FAE04EC0-301F-11D3-BF4B-00C04F79EFBC}") = "LambdaExpActionFuncPredicate", "LambdaExpActionFuncPredicate\LambdaExpActionFuncPredicate.csproj", "{D7BE0E9C-5044-442C-B380-B4343F810F34}"
EndProject
Global
	GlobalSection(SolutionConfigurationPlatforms) = preSolution
		Debug|Any CPU = Debug|Any CPU
		Release|Any CPU = Release|Any CPU
	EndGlobalSection
	GlobalSection(ProjectConfigurationPlatforms) = postSolution
		{211E4433-1245-4289-AF6D-9B8CA03ED560}.Debug|Any CPU.ActiveCfg = Debug|Any CPU
		{211E4433-1245-4289-AF6D-9B8CA03ED560}.Debug|Any CPU.Build.0 = Debug|Any CPU
		{211E4433-1245-4289-AF6D-9B8CA03ED560}.Release|Any CPU.ActiveCfg = Release|Any CPU
		{211E4433-1245-4289-AF6D-9B8CA03ED560}.Release|Any CPU.Build.0 = Release|Any CPU
		{5238B353-A1B9-48A9-9182-00BCDC91B4A2}.Debug|Any CPU.ActiveCfg = Debug|Any CPU
		{5238B353-A1B9-48A9-9182-00BCDC91B4A2}.Debug|Any CPU.Build.0 = Debug|Any CPU
		{5238B353-A1B9-48A9-9182-00BCDC91B4A2}.Release|Any CPU.ActiveCfg = Release|Any CPU
		{5238B353-A1B9-48A9-9182-00BCDC91B4A2}.Release|Any CPU.Build.0 = Release|Any CPU
		{001554FC-3028-4843-A73B-C56C4107EC8B}.Debug|Any CPU.ActiveCfg = Debug|Any CPU
		{001554FC-3028-4843-A73B-C56C4107EC8B}.Debug|Any CPU.Build.0 = Debug|Any CPU
		{001554FC-3028-4843-A73B-C56C4107EC8B}.Release|Any CPU.ActiveCfg = Release|Any CPU
		{001554FC-3028-4843-A73B-C56C4107EC8B}.Release|Any CPU.Build.0 = Release|Any CPU
		{D7BE0E9C-5044-442C-B380-B4343F810F34}.Debug|Any CPU.ActiveCfg = Debug|Any CPU
		{D7BE0E9C-5044-442C-B380-B4343F810F34}.Debug|Any CPU.Build.0 = Debug|Any CPU
		{D7BE0E9C-5044-442C-B380-B4343F810F34}.Release|Any CPU.ActiveCfg = Release|Any CPU
		{D7BE0E9C-5044-442C-B380-B4343F810F34}.Release|Any CPU.Build.0 = Release|Any CPU
	EndGlobalSection
	GlobalSection(SolutionProperties) = preSolution
		HideSolutionNode = FALSE
	EndGlobalSection
EndGlobal
